
Microsoft Visual Studio Solution File, Format Version 12.00
# Visual Studio Version 16
VisualStudioVersion = 16.0.30711.63
MinimumVisualStudioVersion = 10.0.40219.1
Project("{FAE04EC0-301F-11D3-BF4B-00C04F79EFBC}") = "Ain Shams Hospital", "Ain Shams Hospital.csproj", "{162B4517-49B6-48BF-95E2-5B322D369F0C}"
EndProject
Global
	GlobalSection(SolutionConfigurationPlatforms) = preSolution
		Debug|Any CPU = Debug|Any CPU
		Release|Any CPU = Release|Any CPU
	EndGlobalSection
	GlobalSection(ProjectConfigurationPlatforms) = postSolution
		{162B4517-49B6-48BF-95E2-5B322D369F0C}.Debug|Any CPU.ActiveCfg = Debug|Any CPU
		{162B4517-49B6-48BF-95E2-5B322D369F0C}.Debug|Any CPU.Build.0 = Debug|Any CPU
		{162B4517-49B6-48BF-95E2-5B322D369F0C}.Release|Any CPU.ActiveCfg = Release|Any CPU
		{162B4517-49B6-48BF-95E2-5B322D369F0C}.Release|Any CPU.Build.0 = Release|Any CPU
	EndGlobalSection
	GlobalSection(SolutionProperties) = preSolution
		HideSolutionNode = FALSE
	EndGlobalSection
	GlobalSection(ExtensibilityGlobals) = postSolution
		SolutionGuid = {CE2FD26D-675B-4D6C-979D-D204C62753E1}
	EndGlobalSection
EndGlobal
